
Microsoft Visual Studio Solution File, Format Version 12.00
# Visual Studio 15
VisualStudioVersion = 15.0.27004.2005
MinimumVisualStudioVersion = 10.0.40219.1
Project("{262852C6-CD72-467D-83FE-5EEB1973A190}") = "advgame", "advgame\advgame.jsproj", "{02B4B7AA-0D75-4DFE-BC54-6093AAED6A8A}"
EndProject
Global
	GlobalSection(SolutionConfigurationPlatforms) = preSolution
		Debug|Any CPU = Debug|Any CPU
		Debug|ARM = Debug|ARM
		Debug|x64 = Debug|x64
		Debug|x86 = Debug|x86
		Release|Any CPU = Release|Any CPU
		Release|ARM = Release|ARM
		Release|x64 = Release|x64
		Release|x86 = Release|x86
	EndGlobalSection
	GlobalSection(ProjectConfigurationPlatforms) = postSolution
		{02B4B7AA-0D75-4DFE-BC54-6093AAED6A8A}.Debug|Any CPU.ActiveCfg = Debug|Any CPU
		{02B4B7AA-0D75-4DFE-BC54-6093AAED6A8A}.Debug|Any CPU.Build.0 = Debug|Any CPU
		{02B4B7AA-0D75-4DFE-BC54-6093AAED6A8A}.Debug|Any CPU.Deploy.0 = Debug|Any CPU
		{02B4B7AA-0D75-4DFE-BC54-6093AAED6A8A}.Debug|ARM.ActiveCfg = Debug|ARM
		{02B4B7AA-0D75-4DFE-BC54-6093AAED6A8A}.Debug|ARM.Build.0 = Debug|ARM
		{02B4B7AA-0D75-4DFE-BC54-6093AAED6A8A}.Debug|ARM.Deploy.0 = Debug|ARM
		{02B4B7AA-0D75-4DFE-BC54-6093AAED6A8A}.Debug|x64.ActiveCfg = Debug|x64
		{02B4B7AA-0D75-4DFE-BC54-6093AAED6A8A}.Debug|x64.Build.0 = Debug|x64
		{02B4B7AA-0D75-4DFE-BC54-6093AAED6A8A}.Debug|x64.Deploy.0 = Debug|x64
		{02B4B7AA-0D75-4DFE-BC54-6093AAED6A8A}.Debug|x86.ActiveCfg = Debug|x86
		{02B4B7AA-0D75-4DFE-BC54-6093AAED6A8A}.Debug|x86.Build.0 = Debug|x86
		{02B4B7AA-0D75-4DFE-BC54-6093AAED6A8A}.Debug|x86.Deploy.0 = Debug|x86
		{02B4B7AA-0D75-4DFE-BC54-6093AAED6A8A}.Release|Any CPU.ActiveCfg = Release|Any CPU
		{02B4B7AA-0D75-4DFE-BC54-6093AAED6A8A}.Release|Any CPU.Build.0 = Release|Any CPU
		{02B4B7AA-0D75-4DFE-BC54-6093AAED6A8A}.Release|Any CPU.Deploy.0 = Release|Any CPU
		{02B4B7AA-0D75-4DFE-BC54-6093AAED6A8A}.Release|ARM.ActiveCfg = Release|ARM
		{02B4B7AA-0D75-4DFE-BC54-6093AAED6A8A}.Release|ARM.Build.0 = Release|ARM
		{02B4B7AA-0D75-4DFE-BC54-6093AAED6A8A}.Release|ARM.Deploy.0 = Release|ARM
		{02B4B7AA-0D75-4DFE-BC54-6093AAED6A8A}.Release|x64.ActiveCfg = Release|x64
		{02B4B7AA-0D75-4DFE-BC54-6093AAED6A8A}.Release|x64.Build.0 = Release|x64
		{02B4B7AA-0D75-4DFE-BC54-6093AAED6A8A}.Release|x64.Deploy.0 = Release|x64
		{02B4B7AA-0D75-4DFE-BC54-6093AAED6A8A}.Release|x86.ActiveCfg = Release|x86
		{02B4B7AA-0D75-4DFE-BC54-6093AAED6A8A}.Release|x86.Build.0 = Release|x86
		{02B4B7AA-0D75-4DFE-BC54-6093AAED6A8A}.Release|x86.Deploy.0 = Release|x86
	EndGlobalSection
	GlobalSection(SolutionProperties) = preSolution
		HideSolutionNode = FALSE
	EndGlobalSection
	GlobalSection(ExtensibilityGlobals) = postSolution
		SolutionGuid = {5D76533C-9D10-41BF-9785-FF5A9B51E01D}
	EndGlobalSection
EndGlobal
